// !$*UTF8*$!
{
	archiveVersion = 1;
	classes = {
	};
	objectVersion = 51;
	objects = {

/* Begin PBXBuildFile section */
		6C022C9E25057FCC00D1FF9D /* LaboratorioViewController.swift in Sources */ = {isa = PBXBuildFile; fileRef = 6C022C9D25057FCB00D1FF9D /* LaboratorioViewController.swift */; };
		6C022CA025059BB700D1FF9D /* HorarioViewController.swift in Sources */ = {isa = PBXBuildFile; fileRef = 6C022C9F25059BB700D1FF9D /* HorarioViewController.swift */; };
		6C022CA32505B4BC00D1FF9D /* PerfilViewController.swift in Sources */ = {isa = PBXBuildFile; fileRef = 6C022CA22505B4BC00D1FF9D /* PerfilViewController.swift */; };
		6C022CA52505B56A00D1FF9D /* MinhaSaudeViewController.swift in Sources */ = {isa = PBXBuildFile; fileRef = 6C022CA42505B56A00D1FF9D /* MinhaSaudeViewController.swift */; };
		6C022CA72505B58300D1FF9D /* MeusMedicamentosViewController.swift in Sources */ = {isa = PBXBuildFile; fileRef = 6C022CA62505B58300D1FF9D /* MeusMedicamentosViewController.swift */; };
		6CB4A53325055564008C1FCF /* ExameCategoriaViewController.swift in Sources */ = {isa = PBXBuildFile; fileRef = 6CB4A53225055564008C1FCF /* ExameCategoriaViewController.swift */; };
		6CB4A5352505557E008C1FCF /* ExameCategoriaTableViewCell.swift in Sources */ = {isa = PBXBuildFile; fileRef = 6CB4A5342505557E008C1FCF /* ExameCategoriaTableViewCell.swift */; };
		6CB4A5372505566F008C1FCF /* ExameLaboratorioViewController.swift in Sources */ = {isa = PBXBuildFile; fileRef = 6CB4A5362505566F008C1FCF /* ExameLaboratorioViewController.swift */; };
		6CB4A53925055785008C1FCF /* ExameLaboratorioTableViewCell.swift in Sources */ = {isa = PBXBuildFile; fileRef = 6CB4A53825055785008C1FCF /* ExameLaboratorioTableViewCell.swift */; };
		6CB4A53B25055BFE008C1FCF /* Laboratorio.swift in Sources */ = {isa = PBXBuildFile; fileRef = 6CB4A53A25055BFE008C1FCF /* Laboratorio.swift */; };
		6CD209BC24FF1E730040613A /* AppDelegate.swift in Sources */ = {isa = PBXBuildFile; fileRef = 6CD209BB24FF1E730040613A /* AppDelegate.swift */; };
		6CD209BE24FF1E730040613A /* SceneDelegate.swift in Sources */ = {isa = PBXBuildFile; fileRef = 6CD209BD24FF1E730040613A /* SceneDelegate.swift */; };
		6CD209C024FF1E730040613A /* JoinViewController.swift in Sources */ = {isa = PBXBuildFile; fileRef = 6CD209BF24FF1E730040613A /* JoinViewController.swift */; };
		6CD209C324FF1E730040613A /* Main.storyboard in Resources */ = {isa = PBXBuildFile; fileRef = 6CD209C124FF1E730040613A /* Main.storyboard */; };
		6CD209C524FF1E740040613A /* Assets.xcassets in Resources */ = {isa = PBXBuildFile; fileRef = 6CD209C424FF1E740040613A /* Assets.xcassets */; };
		6CD209C824FF1E740040613A /* LaunchScreen.storyboard in Resources */ = {isa = PBXBuildFile; fileRef = 6CD209C624FF1E740040613A /* LaunchScreen.storyboard */; };
		6CF62DB3250411500050A814 /* ConsultaCategoriaViewController.swift in Sources */ = {isa = PBXBuildFile; fileRef = 6CF62DB2250411500050A814 /* ConsultaCategoriaViewController.swift */; };
		6CF62DB5250412A20050A814 /* CategoriaTableViewCell.swift in Sources */ = {isa = PBXBuildFile; fileRef = 6CF62DB4250412A20050A814 /* CategoriaTableViewCell.swift */; };
		6CF62DB8250418AD0050A814 /* Categoria.swift in Sources */ = {isa = PBXBuildFile; fileRef = 6CF62DB7250418AD0050A814 /* Categoria.swift */; };
		6CF62DBA250419060050A814 /* Model.swift in Sources */ = {isa = PBXBuildFile; fileRef = 6CF62DB9250419060050A814 /* Model.swift */; };
		6CF62DBC25041C880050A814 /* ConsultaProfissionalViewController.swift in Sources */ = {isa = PBXBuildFile; fileRef = 6CF62DBB25041C880050A814 /* ConsultaProfissionalViewController.swift */; };
		6CF62DBE25042F710050A814 /* Profissional.swift in Sources */ = {isa = PBXBuildFile; fileRef = 6CF62DBD25042F710050A814 /* Profissional.swift */; };
		6CF62DC0250430EF0050A814 /* Clinica.swift in Sources */ = {isa = PBXBuildFile; fileRef = 6CF62DBF250430EF0050A814 /* Clinica.swift */; };
		6CF62DC2250432DD0050A814 /* Acessibilidade.swift in Sources */ = {isa = PBXBuildFile; fileRef = 6CF62DC1250432DD0050A814 /* Acessibilidade.swift */; };
		6CF62DC425043DF00050A814 /* ClinicaModel.swift in Sources */ = {isa = PBXBuildFile; fileRef = 6CF62DC325043DF00050A814 /* ClinicaModel.swift */; };
		6CF62DC6250441660050A814 /* ProfissionalTableViewCell.swift in Sources */ = {isa = PBXBuildFile; fileRef = 6CF62DC5250441660050A814 /* ProfissionalTableViewCell.swift */; };
		6CF62DC8250443B20050A814 /* ProfissionalViewController.swift in Sources */ = {isa = PBXBuildFile; fileRef = 6CF62DC7250443B20050A814 /* ProfissionalViewController.swift */; };
		6CF62DCA250456D50050A814 /* ClinicaViewController.swift in Sources */ = {isa = PBXBuildFile; fileRef = 6CF62DC9250456D50050A814 /* ClinicaViewController.swift */; };
		6CF62DCC250463190050A814 /* DatasViewController.swift in Sources */ = {isa = PBXBuildFile; fileRef = 6CF62DCB250463190050A814 /* DatasViewController.swift */; };
		BC4E36622500533900A4D9F0 /* StringRandom.swift in Sources */ = {isa = PBXBuildFile; fileRef = BC4E36612500533900A4D9F0 /* StringRandom.swift */; };
		BC4E3664250053D000A4D9F0 /* ClientViewController.swift in Sources */ = {isa = PBXBuildFile; fileRef = BC4E3663250053D000A4D9F0 /* ClientViewController.swift */; };
		BC4E36662500541500A4D9F0 /* ClientViewControllerView.swift in Sources */ = {isa = PBXBuildFile; fileRef = BC4E36652500541500A4D9F0 /* ClientViewControllerView.swift */; };
		BC4E36682500546C00A4D9F0 /* ClientViewControllerHandlers.swift in Sources */ = {isa = PBXBuildFile; fileRef = BC4E36672500546C00A4D9F0 /* ClientViewControllerHandlers.swift */; };
		BC4E366A2500558100A4D9F0 /* JoinViewControllerViews.swift in Sources */ = {isa = PBXBuildFile; fileRef = BC4E36692500558000A4D9F0 /* JoinViewControllerViews.swift */; };
		BC4E366C250055AE00A4D9F0 /* JoinViewControllerConstraints.swift in Sources */ = {isa = PBXBuildFile; fileRef = BC4E366B250055AE00A4D9F0 /* JoinViewControllerConstraints.swift */; };
		BC4E366E250055E300A4D9F0 /* JoinViewControllerHandlers.swift in Sources */ = {isa = PBXBuildFile; fileRef = BC4E366D250055E300A4D9F0 /* JoinViewControllerHandlers.swift */; };
		BC4E36962501C01E00A4D9F0 /* RatingDoctorViewController.swift in Sources */ = {isa = PBXBuildFile; fileRef = BC4E36952501C01D00A4D9F0 /* RatingDoctorViewController.swift */; };
		BC4E36982501D39800A4D9F0 /* RatingAppViewController.swift in Sources */ = {isa = PBXBuildFile; fileRef = BC4E36972501D39800A4D9F0 /* RatingAppViewController.swift */; };
		BC4E369A2501D66200A4D9F0 /* EndAppointmentViewController.swift in Sources */ = {isa = PBXBuildFile; fileRef = BC4E36992501D66200A4D9F0 /* EndAppointmentViewController.swift */; };
		BC4E369D2503BF4900A4D9F0 /* RatingDoctorSkillsViewController.swift in Sources */ = {isa = PBXBuildFile; fileRef = BC4E369C2503BF4900A4D9F0 /* RatingDoctorSkillsViewController.swift */; };
		BC4E369F2503D5AC00A4D9F0 /* OnBoarding1ViewController.swift in Sources */ = {isa = PBXBuildFile; fileRef = BC4E369E2503D5AC00A4D9F0 /* OnBoarding1ViewController.swift */; };
		BC4E36A22503D6C000A4D9F0 /* OnBoarding2ViewController.swift in Sources */ = {isa = PBXBuildFile; fileRef = BC4E36A12503D6C000A4D9F0 /* OnBoarding2ViewController.swift */; };
		BC4E36A42503D9C300A4D9F0 /* OnBoarding3ViewController.swift in Sources */ = {isa = PBXBuildFile; fileRef = BC4E36A32503D9C300A4D9F0 /* OnBoarding3ViewController.swift */; };
		BC4E36A62503E0EB00A4D9F0 /* OnBoarding4ViewController.swift in Sources */ = {isa = PBXBuildFile; fileRef = BC4E36A52503E0EB00A4D9F0 /* OnBoarding4ViewController.swift */; };
		BC4E36A82503E23F00A4D9F0 /* OnBoarding5ViewController.swift in Sources */ = {isa = PBXBuildFile; fileRef = BC4E36A72503E23F00A4D9F0 /* OnBoarding5ViewController.swift */; };
		BC4E36AA2503F0DA00A4D9F0 /* OnBoarding6ViewController.swift in Sources */ = {isa = PBXBuildFile; fileRef = BC4E36A92503F0DA00A4D9F0 /* OnBoarding6ViewController.swift */; };
		BC4E36AC2503F1FA00A4D9F0 /* OnBoarding7ViewController.swift in Sources */ = {isa = PBXBuildFile; fileRef = BC4E36AB2503F1FA00A4D9F0 /* OnBoarding7ViewController.swift */; };
		BC4E36AE2503F5E100A4D9F0 /* OnBoarding8ViewController.swift in Sources */ = {isa = PBXBuildFile; fileRef = BC4E36AD2503F5E100A4D9F0 /* OnBoarding8ViewController.swift */; };
		BC4E36B02503FB1600A4D9F0 /* OnBoarding9ViewController.swift in Sources */ = {isa = PBXBuildFile; fileRef = BC4E36AF2503FB1600A4D9F0 /* OnBoarding9ViewController.swift */; };
		BC4E36B22503FCF400A4D9F0 /* OnBoarding10ViewController.swift in Sources */ = {isa = PBXBuildFile; fileRef = BC4E36B12503FCF400A4D9F0 /* OnBoarding10ViewController.swift */; };
		BC4E36B42503FF0B00A4D9F0 /* OnBoarding11ViewController.swift in Sources */ = {isa = PBXBuildFile; fileRef = BC4E36B32503FF0B00A4D9F0 /* OnBoarding11ViewController.swift */; };
		BC4E36B9250424E000A4D9F0 /* AppointmentHistoryViewController.swift in Sources */ = {isa = PBXBuildFile; fileRef = BC4E36B8250424E000A4D9F0 /* AppointmentHistoryViewController.swift */; };
		BC4E36BC25043A3100A4D9F0 /* AppointmentHistoryTableViewCell.swift in Sources */ = {isa = PBXBuildFile; fileRef = BC4E36BB25043A3100A4D9F0 /* AppointmentHistoryTableViewCell.swift */; };
		BC4E36BE2504535000A4D9F0 /* ExamsHistoryViewController.swift in Sources */ = {isa = PBXBuildFile; fileRef = BC4E36BD2504535000A4D9F0 /* ExamsHistoryViewController.swift */; };
		BC4E36C0250456C300A4D9F0 /* ExamsHistoryTableViewCell.swift in Sources */ = {isa = PBXBuildFile; fileRef = BC4E36BF250456C300A4D9F0 /* ExamsHistoryTableViewCell.swift */; };
		BC4E36C225045E0400A4D9F0 /* MedicationHistoryViewController.swift in Sources */ = {isa = PBXBuildFile; fileRef = BC4E36C125045E0300A4D9F0 /* MedicationHistoryViewController.swift */; };
		BC4E36C425045F9E00A4D9F0 /* MedicationHistoryTableViewCell.swift in Sources */ = {isa = PBXBuildFile; fileRef = BC4E36C325045F9E00A4D9F0 /* MedicationHistoryTableViewCell.swift */; };
		BC4E36C6250464FC00A4D9F0 /* DiagnosticHistoryViewController.swift in Sources */ = {isa = PBXBuildFile; fileRef = BC4E36C5250464FC00A4D9F0 /* DiagnosticHistoryViewController.swift */; };
		BC4E36C82504679D00A4D9F0 /* DiagnosticHistoryTableViewCell.swift in Sources */ = {isa = PBXBuildFile; fileRef = BC4E36C72504679D00A4D9F0 /* DiagnosticHistoryTableViewCell.swift */; };
		BC5762AD25067DDD004864AE /* EntryHomeViewController.swift in Sources */ = {isa = PBXBuildFile; fileRef = BC5762AC25067DDC004864AE /* EntryHomeViewController.swift */; };
		DD03420E6B8151A8016D4FB7 /* Pods_MegaHackWomen.framework in Frameworks */ = {isa = PBXBuildFile; fileRef = 27C0C8B4CA012FBD307FE264 /* Pods_MegaHackWomen.framework */; };
/* End PBXBuildFile section */

/* Begin PBXFileReference section */
		27C0C8B4CA012FBD307FE264 /* Pods_MegaHackWomen.framework */ = {isa = PBXFileReference; explicitFileType = wrapper.framework; includeInIndex = 0; path = Pods_MegaHackWomen.framework; sourceTree = BUILT_PRODUCTS_DIR; };
		661C05650D6BB2939B63E811 /* Pods-MegaHackWomen.debug.xcconfig */ = {isa = PBXFileReference; includeInIndex = 1; lastKnownFileType = text.xcconfig; name = "Pods-MegaHackWomen.debug.xcconfig"; path = "Target Support Files/Pods-MegaHackWomen/Pods-MegaHackWomen.debug.xcconfig"; sourceTree = "<group>"; };
		6C022C9D25057FCB00D1FF9D /* LaboratorioViewController.swift */ = {isa = PBXFileReference; lastKnownFileType = sourcecode.swift; path = LaboratorioViewController.swift; sourceTree = "<group>"; };
		6C022C9F25059BB700D1FF9D /* HorarioViewController.swift */ = {isa = PBXFileReference; lastKnownFileType = sourcecode.swift; path = HorarioViewController.swift; sourceTree = "<group>"; };
		6C022CA22505B4BC00D1FF9D /* PerfilViewController.swift */ = {isa = PBXFileReference; lastKnownFileType = sourcecode.swift; path = PerfilViewController.swift; sourceTree = "<group>"; };
		6C022CA42505B56A00D1FF9D /* MinhaSaudeViewController.swift */ = {isa = PBXFileReference; lastKnownFileType = sourcecode.swift; path = MinhaSaudeViewController.swift; sourceTree = "<group>"; };
		6C022CA62505B58300D1FF9D /* MeusMedicamentosViewController.swift */ = {isa = PBXFileReference; lastKnownFileType = sourcecode.swift; path = MeusMedicamentosViewController.swift; sourceTree = "<group>"; };
		6CB4A53225055564008C1FCF /* ExameCategoriaViewController.swift */ = {isa = PBXFileReference; lastKnownFileType = sourcecode.swift; path = ExameCategoriaViewController.swift; sourceTree = "<group>"; };
		6CB4A5342505557E008C1FCF /* ExameCategoriaTableViewCell.swift */ = {isa = PBXFileReference; lastKnownFileType = sourcecode.swift; path = ExameCategoriaTableViewCell.swift; sourceTree = "<group>"; };
		6CB4A5362505566F008C1FCF /* ExameLaboratorioViewController.swift */ = {isa = PBXFileReference; lastKnownFileType = sourcecode.swift; path = ExameLaboratorioViewController.swift; sourceTree = "<group>"; };
		6CB4A53825055785008C1FCF /* ExameLaboratorioTableViewCell.swift */ = {isa = PBXFileReference; lastKnownFileType = sourcecode.swift; path = ExameLaboratorioTableViewCell.swift; sourceTree = "<group>"; };
		6CB4A53A25055BFE008C1FCF /* Laboratorio.swift */ = {isa = PBXFileReference; lastKnownFileType = sourcecode.swift; path = Laboratorio.swift; sourceTree = "<group>"; };
		6CD209B824FF1E730040613A /* MegaHackWomen.app */ = {isa = PBXFileReference; explicitFileType = wrapper.application; includeInIndex = 0; path = MegaHackWomen.app; sourceTree = BUILT_PRODUCTS_DIR; };
		6CD209BB24FF1E730040613A /* AppDelegate.swift */ = {isa = PBXFileReference; lastKnownFileType = sourcecode.swift; path = AppDelegate.swift; sourceTree = "<group>"; };
		6CD209BD24FF1E730040613A /* SceneDelegate.swift */ = {isa = PBXFileReference; lastKnownFileType = sourcecode.swift; path = SceneDelegate.swift; sourceTree = "<group>"; };
		6CD209BF24FF1E730040613A /* JoinViewController.swift */ = {isa = PBXFileReference; lastKnownFileType = sourcecode.swift; path = JoinViewController.swift; sourceTree = "<group>"; };
		6CD209C224FF1E730040613A /* Base */ = {isa = PBXFileReference; lastKnownFileType = file.storyboard; name = Base; path = Base.lproj/Main.storyboard; sourceTree = "<group>"; };
		6CD209C424FF1E740040613A /* Assets.xcassets */ = {isa = PBXFileReference; lastKnownFileType = folder.assetcatalog; path = Assets.xcassets; sourceTree = "<group>"; };
		6CD209C724FF1E740040613A /* Base */ = {isa = PBXFileReference; lastKnownFileType = file.storyboard; name = Base; path = Base.lproj/LaunchScreen.storyboard; sourceTree = "<group>"; };
		6CD209C924FF1E740040613A /* Info.plist */ = {isa = PBXFileReference; lastKnownFileType = text.plist.xml; path = Info.plist; sourceTree = "<group>"; };
		6CF62DB2250411500050A814 /* ConsultaCategoriaViewController.swift */ = {isa = PBXFileReference; lastKnownFileType = sourcecode.swift; path = ConsultaCategoriaViewController.swift; sourceTree = "<group>"; };
		6CF62DB4250412A20050A814 /* CategoriaTableViewCell.swift */ = {isa = PBXFileReference; lastKnownFileType = sourcecode.swift; path = CategoriaTableViewCell.swift; sourceTree = "<group>"; };
		6CF62DB7250418AD0050A814 /* Categoria.swift */ = {isa = PBXFileReference; lastKnownFileType = sourcecode.swift; path = Categoria.swift; sourceTree = "<group>"; };
		6CF62DB9250419060050A814 /* Model.swift */ = {isa = PBXFileReference; lastKnownFileType = sourcecode.swift; path = Model.swift; sourceTree = "<group>"; };
		6CF62DBB25041C880050A814 /* ConsultaProfissionalViewController.swift */ = {isa = PBXFileReference; lastKnownFileType = sourcecode.swift; path = ConsultaProfissionalViewController.swift; sourceTree = "<group>"; };
		6CF62DBD25042F710050A814 /* Profissional.swift */ = {isa = PBXFileReference; lastKnownFileType = sourcecode.swift; path = Profissional.swift; sourceTree = "<group>"; };
		6CF62DBF250430EF0050A814 /* Clinica.swift */ = {isa = PBXFileReference; lastKnownFileType = sourcecode.swift; path = Clinica.swift; sourceTree = "<group>"; };
		6CF62DC1250432DD0050A814 /* Acessibilidade.swift */ = {isa = PBXFileReference; lastKnownFileType = sourcecode.swift; path = Acessibilidade.swift; sourceTree = "<group>"; };
		6CF62DC325043DF00050A814 /* ClinicaModel.swift */ = {isa = PBXFileReference; lastKnownFileType = sourcecode.swift; path = ClinicaModel.swift; sourceTree = "<group>"; };
		6CF62DC5250441660050A814 /* ProfissionalTableViewCell.swift */ = {isa = PBXFileReference; lastKnownFileType = sourcecode.swift; path = ProfissionalTableViewCell.swift; sourceTree = "<group>"; };
		6CF62DC7250443B20050A814 /* ProfissionalViewController.swift */ = {isa = PBXFileReference; lastKnownFileType = sourcecode.swift; path = ProfissionalViewController.swift; sourceTree = "<group>"; };
		6CF62DC9250456D50050A814 /* ClinicaViewController.swift */ = {isa = PBXFileReference; lastKnownFileType = sourcecode.swift; path = ClinicaViewController.swift; sourceTree = "<group>"; };
		6CF62DCB250463190050A814 /* DatasViewController.swift */ = {isa = PBXFileReference; lastKnownFileType = sourcecode.swift; path = DatasViewController.swift; sourceTree = "<group>"; };
		B4A7F9204EBA17C5D6921D7B /* Pods-MegaHackWomen.release.xcconfig */ = {isa = PBXFileReference; includeInIndex = 1; lastKnownFileType = text.xcconfig; name = "Pods-MegaHackWomen.release.xcconfig"; path = "Target Support Files/Pods-MegaHackWomen/Pods-MegaHackWomen.release.xcconfig"; sourceTree = "<group>"; };
		BC4E36612500533900A4D9F0 /* StringRandom.swift */ = {isa = PBXFileReference; lastKnownFileType = sourcecode.swift; path = StringRandom.swift; sourceTree = "<group>"; };
		BC4E3663250053D000A4D9F0 /* ClientViewController.swift */ = {isa = PBXFileReference; lastKnownFileType = sourcecode.swift; path = ClientViewController.swift; sourceTree = "<group>"; };
		BC4E36652500541500A4D9F0 /* ClientViewControllerView.swift */ = {isa = PBXFileReference; lastKnownFileType = sourcecode.swift; path = ClientViewControllerView.swift; sourceTree = "<group>"; };
		BC4E36672500546C00A4D9F0 /* ClientViewControllerHandlers.swift */ = {isa = PBXFileReference; lastKnownFileType = sourcecode.swift; path = ClientViewControllerHandlers.swift; sourceTree = "<group>"; };
		BC4E36692500558000A4D9F0 /* JoinViewControllerViews.swift */ = {isa = PBXFileReference; lastKnownFileType = sourcecode.swift; path = JoinViewControllerViews.swift; sourceTree = "<group>"; };
		BC4E366B250055AE00A4D9F0 /* JoinViewControllerConstraints.swift */ = {isa = PBXFileReference; lastKnownFileType = sourcecode.swift; path = JoinViewControllerConstraints.swift; sourceTree = "<group>"; };
		BC4E366D250055E300A4D9F0 /* JoinViewControllerHandlers.swift */ = {isa = PBXFileReference; lastKnownFileType = sourcecode.swift; path = JoinViewControllerHandlers.swift; sourceTree = "<group>"; };
		BC4E36952501C01D00A4D9F0 /* RatingDoctorViewController.swift */ = {isa = PBXFileReference; lastKnownFileType = sourcecode.swift; path = RatingDoctorViewController.swift; sourceTree = "<group>"; };
		BC4E36972501D39800A4D9F0 /* RatingAppViewController.swift */ = {isa = PBXFileReference; lastKnownFileType = sourcecode.swift; path = RatingAppViewController.swift; sourceTree = "<group>"; };
		BC4E36992501D66200A4D9F0 /* EndAppointmentViewController.swift */ = {isa = PBXFileReference; lastKnownFileType = sourcecode.swift; path = EndAppointmentViewController.swift; sourceTree = "<group>"; };
		BC4E369C2503BF4900A4D9F0 /* RatingDoctorSkillsViewController.swift */ = {isa = PBXFileReference; lastKnownFileType = sourcecode.swift; path = RatingDoctorSkillsViewController.swift; sourceTree = "<group>"; };
		BC4E369E2503D5AC00A4D9F0 /* OnBoarding1ViewController.swift */ = {isa = PBXFileReference; lastKnownFileType = sourcecode.swift; path = OnBoarding1ViewController.swift; sourceTree = "<group>"; };
		BC4E36A12503D6C000A4D9F0 /* OnBoarding2ViewController.swift */ = {isa = PBXFileReference; lastKnownFileType = sourcecode.swift; path = OnBoarding2ViewController.swift; sourceTree = "<group>"; };
		BC4E36A32503D9C300A4D9F0 /* OnBoarding3ViewController.swift */ = {isa = PBXFileReference; lastKnownFileType = sourcecode.swift; path = OnBoarding3ViewController.swift; sourceTree = "<group>"; };
		BC4E36A52503E0EB00A4D9F0 /* OnBoarding4ViewController.swift */ = {isa = PBXFileReference; lastKnownFileType = sourcecode.swift; path = OnBoarding4ViewController.swift; sourceTree = "<group>"; };
		BC4E36A72503E23F00A4D9F0 /* OnBoarding5ViewController.swift */ = {isa = PBXFileReference; lastKnownFileType = sourcecode.swift; path = OnBoarding5ViewController.swift; sourceTree = "<group>"; };
		BC4E36A92503F0DA00A4D9F0 /* OnBoarding6ViewController.swift */ = {isa = PBXFileReference; lastKnownFileType = sourcecode.swift; path = OnBoarding6ViewController.swift; sourceTree = "<group>"; };
		BC4E36AB2503F1FA00A4D9F0 /* OnBoarding7ViewController.swift */ = {isa = PBXFileReference; lastKnownFileType = sourcecode.swift; path = OnBoarding7ViewController.swift; sourceTree = "<group>"; };
		BC4E36AD2503F5E100A4D9F0 /* OnBoarding8ViewController.swift */ = {isa = PBXFileReference; lastKnownFileType = sourcecode.swift; path = OnBoarding8ViewController.swift; sourceTree = "<group>"; };
		BC4E36AF2503FB1600A4D9F0 /* OnBoarding9ViewController.swift */ = {isa = PBXFileReference; lastKnownFileType = sourcecode.swift; path = OnBoarding9ViewController.swift; sourceTree = "<group>"; };
		BC4E36B12503FCF400A4D9F0 /* OnBoarding10ViewController.swift */ = {isa = PBXFileReference; lastKnownFileType = sourcecode.swift; path = OnBoarding10ViewController.swift; sourceTree = "<group>"; };
		BC4E36B32503FF0B00A4D9F0 /* OnBoarding11ViewController.swift */ = {isa = PBXFileReference; lastKnownFileType = sourcecode.swift; path = OnBoarding11ViewController.swift; sourceTree = "<group>"; };
		BC4E36B8250424E000A4D9F0 /* AppointmentHistoryViewController.swift */ = {isa = PBXFileReference; lastKnownFileType = sourcecode.swift; path = AppointmentHistoryViewController.swift; sourceTree = "<group>"; };
		BC4E36BB25043A3100A4D9F0 /* AppointmentHistoryTableViewCell.swift */ = {isa = PBXFileReference; lastKnownFileType = sourcecode.swift; path = AppointmentHistoryTableViewCell.swift; sourceTree = "<group>"; };
		BC4E36BD2504535000A4D9F0 /* ExamsHistoryViewController.swift */ = {isa = PBXFileReference; lastKnownFileType = sourcecode.swift; path = ExamsHistoryViewController.swift; sourceTree = "<group>"; };
		BC4E36BF250456C300A4D9F0 /* ExamsHistoryTableViewCell.swift */ = {isa = PBXFileReference; lastKnownFileType = sourcecode.swift; path = ExamsHistoryTableViewCell.swift; sourceTree = "<group>"; };
		BC4E36C125045E0300A4D9F0 /* MedicationHistoryViewController.swift */ = {isa = PBXFileReference; lastKnownFileType = sourcecode.swift; path = MedicationHistoryViewController.swift; sourceTree = "<group>"; };
		BC4E36C325045F9E00A4D9F0 /* MedicationHistoryTableViewCell.swift */ = {isa = PBXFileReference; lastKnownFileType = sourcecode.swift; path = MedicationHistoryTableViewCell.swift; sourceTree = "<group>"; };
		BC4E36C5250464FC00A4D9F0 /* DiagnosticHistoryViewController.swift */ = {isa = PBXFileReference; lastKnownFileType = sourcecode.swift; path = DiagnosticHistoryViewController.swift; sourceTree = "<group>"; };
		BC4E36C72504679D00A4D9F0 /* DiagnosticHistoryTableViewCell.swift */ = {isa = PBXFileReference; lastKnownFileType = sourcecode.swift; path = DiagnosticHistoryTableViewCell.swift; sourceTree = "<group>"; };
		BC5762AC25067DDC004864AE /* EntryHomeViewController.swift */ = {isa = PBXFileReference; lastKnownFileType = sourcecode.swift; path = EntryHomeViewController.swift; sourceTree = "<group>"; };
/* End PBXFileReference section */

/* Begin PBXFrameworksBuildPhase section */
		6CD209B524FF1E730040613A /* Frameworks */ = {
			isa = PBXFrameworksBuildPhase;
			buildActionMask = 2147483647;
			files = (
				DD03420E6B8151A8016D4FB7 /* Pods_MegaHackWomen.framework in Frameworks */,
			);
			runOnlyForDeploymentPostprocessing = 0;
		};
/* End PBXFrameworksBuildPhase section */

/* Begin PBXGroup section */
		1B1CC3CE83A12C4A6DDA61C5 /* Pods */ = {
			isa = PBXGroup;
			children = (
				661C05650D6BB2939B63E811 /* Pods-MegaHackWomen.debug.xcconfig */,
				B4A7F9204EBA17C5D6921D7B /* Pods-MegaHackWomen.release.xcconfig */,
			);
			path = Pods;
			sourceTree = "<group>";
		};
		6C022CA12505B4A400D1FF9D /* Perfil */ = {
			isa = PBXGroup;
			children = (
				6C022CA22505B4BC00D1FF9D /* PerfilViewController.swift */,
				6C022CA42505B56A00D1FF9D /* MinhaSaudeViewController.swift */,
				6C022CA62505B58300D1FF9D /* MeusMedicamentosViewController.swift */,
			);
			path = Perfil;
			sourceTree = "<group>";
		};
		6CB4A53125055533008C1FCF /* Exame */ = {
			isa = PBXGroup;
			children = (
				6CB4A53225055564008C1FCF /* ExameCategoriaViewController.swift */,
				6CB4A5342505557E008C1FCF /* ExameCategoriaTableViewCell.swift */,
				6CB4A5362505566F008C1FCF /* ExameLaboratorioViewController.swift */,
				6CB4A53825055785008C1FCF /* ExameLaboratorioTableViewCell.swift */,
				6C022C9D25057FCB00D1FF9D /* LaboratorioViewController.swift */,
			);
			path = Exame;
			sourceTree = "<group>";
		};
		6CD209AF24FF1E730040613A = {
			isa = PBXGroup;
			children = (
				6CD209BA24FF1E730040613A /* MegaHackWomen */,
				6CD209B924FF1E730040613A /* Products */,
				1B1CC3CE83A12C4A6DDA61C5 /* Pods */,
				8E891A22F9FB7EDABD6ABF57 /* Frameworks */,
			);
			sourceTree = "<group>";
		};
		6CD209B924FF1E730040613A /* Products */ = {
			isa = PBXGroup;
			children = (
				6CD209B824FF1E730040613A /* MegaHackWomen.app */,
			);
			name = Products;
			sourceTree = "<group>";
		};
		6CD209BA24FF1E730040613A /* MegaHackWomen */ = {
			isa = PBXGroup;
			children = (
				6C022CA12505B4A400D1FF9D /* Perfil */,
				6CD209BB24FF1E730040613A /* AppDelegate.swift */,
				6CD209BD24FF1E730040613A /* SceneDelegate.swift */,
				BC4E36612500533900A4D9F0 /* StringRandom.swift */,
				6CF62DB62504189B0050A814 /* Model */,
				BC4E366F2500598A00A4D9F0 /* Join */,
				BC4E3670250059AB00A4D9F0 /* Buyer */,
				BC4E369B2503BDF800A4D9F0 /* Rating */,
				BC4E36A02503D5B400A4D9F0 /* OnBoarding */,
				6CF62DB1250411210050A814 /* Consulta */,
				6CB4A53125055533008C1FCF /* Exame */,
				BC4E36BA250424EE00A4D9F0 /* History */,
				6CD209C124FF1E730040613A /* Main.storyboard */,
				6CD209C424FF1E740040613A /* Assets.xcassets */,
				6CD209C624FF1E740040613A /* LaunchScreen.storyboard */,
				6CD209C924FF1E740040613A /* Info.plist */,
			);
			path = MegaHackWomen;
			sourceTree = "<group>";
		};
		6CF62DB1250411210050A814 /* Consulta */ = {
			isa = PBXGroup;
			children = (
				6CF62DB2250411500050A814 /* ConsultaCategoriaViewController.swift */,
				6CF62DB4250412A20050A814 /* CategoriaTableViewCell.swift */,
				6CF62DBB25041C880050A814 /* ConsultaProfissionalViewController.swift */,
				6CF62DC7250443B20050A814 /* ProfissionalViewController.swift */,
				6CF62DC5250441660050A814 /* ProfissionalTableViewCell.swift */,
				6CF62DC9250456D50050A814 /* ClinicaViewController.swift */,
				6CF62DCB250463190050A814 /* DatasViewController.swift */,
				6C022C9F25059BB700D1FF9D /* HorarioViewController.swift */,
				BC5762AC25067DDC004864AE /* EntryHomeViewController.swift */,
			);
			path = Consulta;
			sourceTree = "<group>";
		};
		6CF62DB62504189B0050A814 /* Model */ = {
			isa = PBXGroup;
			children = (
				6CF62DB7250418AD0050A814 /* Categoria.swift */,
				6CF62DB9250419060050A814 /* Model.swift */,
				6CF62DBD25042F710050A814 /* Profissional.swift */,
				6CF62DBF250430EF0050A814 /* Clinica.swift */,
				6CF62DC1250432DD0050A814 /* Acessibilidade.swift */,
				6CF62DC325043DF00050A814 /* ClinicaModel.swift */,
				6CB4A53A25055BFE008C1FCF /* Laboratorio.swift */,
			);
			path = Model;
			sourceTree = "<group>";
		};
		8E891A22F9FB7EDABD6ABF57 /* Frameworks */ = {
			isa = PBXGroup;
			children = (
				27C0C8B4CA012FBD307FE264 /* Pods_MegaHackWomen.framework */,
			);
			name = Frameworks;
			sourceTree = "<group>";
		};
		BC4E366F2500598A00A4D9F0 /* Join */ = {
			isa = PBXGroup;
			children = (
				6CD209BF24FF1E730040613A /* JoinViewController.swift */,
				BC4E36692500558000A4D9F0 /* JoinViewControllerViews.swift */,
				BC4E366B250055AE00A4D9F0 /* JoinViewControllerConstraints.swift */,
				BC4E366D250055E300A4D9F0 /* JoinViewControllerHandlers.swift */,
			);
			path = Join;
			sourceTree = "<group>";
		};
		BC4E3670250059AB00A4D9F0 /* Buyer */ = {
			isa = PBXGroup;
			children = (
				BC4E3663250053D000A4D9F0 /* ClientViewController.swift */,
				BC4E36652500541500A4D9F0 /* ClientViewControllerView.swift */,
				BC4E36672500546C00A4D9F0 /* ClientViewControllerHandlers.swift */,
			);
			path = Buyer;
			sourceTree = "<group>";
		};
		BC4E369B2503BDF800A4D9F0 /* Rating */ = {
			isa = PBXGroup;
			children = (
				BC4E36952501C01D00A4D9F0 /* RatingDoctorViewController.swift */,
				BC4E36972501D39800A4D9F0 /* RatingAppViewController.swift */,
				BC4E369C2503BF4900A4D9F0 /* RatingDoctorSkillsViewController.swift */,
				BC4E36992501D66200A4D9F0 /* EndAppointmentViewController.swift */,
			);
			path = Rating;
			sourceTree = "<group>";
		};
		BC4E36A02503D5B400A4D9F0 /* OnBoarding */ = {
			isa = PBXGroup;
			children = (
				BC4E369E2503D5AC00A4D9F0 /* OnBoarding1ViewController.swift */,
				BC4E36A12503D6C000A4D9F0 /* OnBoarding2ViewController.swift */,
				BC4E36A32503D9C300A4D9F0 /* OnBoarding3ViewController.swift */,
				BC4E36A52503E0EB00A4D9F0 /* OnBoarding4ViewController.swift */,
				BC4E36A72503E23F00A4D9F0 /* OnBoarding5ViewController.swift */,
				BC4E36A92503F0DA00A4D9F0 /* OnBoarding6ViewController.swift */,
				BC4E36AB2503F1FA00A4D9F0 /* OnBoarding7ViewController.swift */,
				BC4E36AD2503F5E100A4D9F0 /* OnBoarding8ViewController.swift */,
				BC4E36AF2503FB1600A4D9F0 /* OnBoarding9ViewController.swift */,
				BC4E36B12503FCF400A4D9F0 /* OnBoarding10ViewController.swift */,
				BC4E36B32503FF0B00A4D9F0 /* OnBoarding11ViewController.swift */,
			);
			path = OnBoarding;
			sourceTree = "<group>";
		};
		BC4E36BA250424EE00A4D9F0 /* History */ = {
			isa = PBXGroup;
			children = (
				BC4E36B8250424E000A4D9F0 /* AppointmentHistoryViewController.swift */,
				BC4E36BB25043A3100A4D9F0 /* AppointmentHistoryTableViewCell.swift */,
				BC4E36BD2504535000A4D9F0 /* ExamsHistoryViewController.swift */,
				BC4E36BF250456C300A4D9F0 /* ExamsHistoryTableViewCell.swift */,
				BC4E36C125045E0300A4D9F0 /* MedicationHistoryViewController.swift */,
				BC4E36C325045F9E00A4D9F0 /* MedicationHistoryTableViewCell.swift */,
				BC4E36C5250464FC00A4D9F0 /* DiagnosticHistoryViewController.swift */,
				BC4E36C72504679D00A4D9F0 /* DiagnosticHistoryTableViewCell.swift */,
			);
			path = History;
			sourceTree = "<group>";
		};
/* End PBXGroup section */

/* Begin PBXNativeTarget section */
		6CD209B724FF1E730040613A /* MegaHackWomen */ = {
			isa = PBXNativeTarget;
			buildConfigurationList = 6CD209CC24FF1E740040613A /* Build configuration list for PBXNativeTarget "MegaHackWomen" */;
			buildPhases = (
				9549EA5334606D66BBDEEA28 /* [CP] Check Pods Manifest.lock */,
				6CD209B424FF1E730040613A /* Sources */,
				6CD209B524FF1E730040613A /* Frameworks */,
				6CD209B624FF1E730040613A /* Resources */,
				A417570DC1F9166F14756A10 /* [CP] Embed Pods Frameworks */,
			);
			buildRules = (
			);
			dependencies = (
			);
			name = MegaHackWomen;
			productName = MegaHackWomen;
			productReference = 6CD209B824FF1E730040613A /* MegaHackWomen.app */;
			productType = "com.apple.product-type.application";
		};
/* End PBXNativeTarget section */

/* Begin PBXProject section */
		6CD209B024FF1E730040613A /* Project object */ = {
			isa = PBXProject;
			attributes = {
				LastSwiftUpdateCheck = 1140;
				LastUpgradeCheck = 1140;
				ORGANIZATIONNAME = "Pyettra Ferreira";
				TargetAttributes = {
					6CD209B724FF1E730040613A = {
						CreatedOnToolsVersion = 11.4.1;
					};
				};
			};
			buildConfigurationList = 6CD209B324FF1E730040613A /* Build configuration list for PBXProject "MegaHackWomen" */;
			compatibilityVersion = "Xcode 9.3";
			developmentRegion = en;
			hasScannedForEncodings = 0;
			knownRegions = (
				en,
				Base,
			);
			mainGroup = 6CD209AF24FF1E730040613A;
			productRefGroup = 6CD209B924FF1E730040613A /* Products */;
			projectDirPath = "";
			projectRoot = "";
			targets = (
				6CD209B724FF1E730040613A /* MegaHackWomen */,
			);
		};
/* End PBXProject section */

/* Begin PBXResourcesBuildPhase section */
		6CD209B624FF1E730040613A /* Resources */ = {
			isa = PBXResourcesBuildPhase;
			buildActionMask = 2147483647;
			files = (
				6CD209C824FF1E740040613A /* LaunchScreen.storyboard in Resources */,
				6CD209C524FF1E740040613A /* Assets.xcassets in Resources */,
				6CD209C324FF1E730040613A /* Main.storyboard in Resources */,
			);
			runOnlyForDeploymentPostprocessing = 0;
		};
/* End PBXResourcesBuildPhase section */

/* Begin PBXShellScriptBuildPhase section */
		9549EA5334606D66BBDEEA28 /* [CP] Check Pods Manifest.lock */ = {
			isa = PBXShellScriptBuildPhase;
			buildActionMask = 2147483647;
			files = (
			);
			inputFileListPaths = (
			);
			inputPaths = (
				"${PODS_PODFILE_DIR_PATH}/Podfile.lock",
				"${PODS_ROOT}/Manifest.lock",
			);
			name = "[CP] Check Pods Manifest.lock";
			outputFileListPaths = (
			);
			outputPaths = (
				"$(DERIVED_FILE_DIR)/Pods-MegaHackWomen-checkManifestLockResult.txt",
			);
			runOnlyForDeploymentPostprocessing = 0;
			shellPath = /bin/sh;
			shellScript = "diff \"${PODS_PODFILE_DIR_PATH}/Podfile.lock\" \"${PODS_ROOT}/Manifest.lock\" > /dev/null\nif [ $? != 0 ] ; then\n    # print error to STDERR\n    echo \"error: The sandbox is not in sync with the Podfile.lock. Run 'pod install' or update your CocoaPods installation.\" >&2\n    exit 1\nfi\n# This output is used by Xcode 'outputs' to avoid re-running this script phase.\necho \"SUCCESS\" > \"${SCRIPT_OUTPUT_FILE_0}\"\n";
			showEnvVarsInLog = 0;
		};
		A417570DC1F9166F14756A10 /* [CP] Embed Pods Frameworks */ = {
			isa = PBXShellScriptBuildPhase;
			buildActionMask = 2147483647;
			files = (
			);
			inputFileListPaths = (
				"${PODS_ROOT}/Target Support Files/Pods-MegaHackWomen/Pods-MegaHackWomen-frameworks-${CONFIGURATION}-input-files.xcfilelist",
			);
			name = "[CP] Embed Pods Frameworks";
			outputFileListPaths = (
				"${PODS_ROOT}/Target Support Files/Pods-MegaHackWomen/Pods-MegaHackWomen-frameworks-${CONFIGURATION}-output-files.xcfilelist",
			);
			runOnlyForDeploymentPostprocessing = 0;
			shellPath = /bin/sh;
			shellScript = "\"${PODS_ROOT}/Target Support Files/Pods-MegaHackWomen/Pods-MegaHackWomen-frameworks.sh\"\n";
			showEnvVarsInLog = 0;
		};
/* End PBXShellScriptBuildPhase section */

/* Begin PBXSourcesBuildPhase section */
		6CD209B424FF1E730040613A /* Sources */ = {
			isa = PBXSourcesBuildPhase;
			buildActionMask = 2147483647;
			files = (
				6CF62DBE25042F710050A814 /* Profissional.swift in Sources */,
				6CD209C024FF1E730040613A /* JoinViewController.swift in Sources */,
				6CB4A5372505566F008C1FCF /* ExameLaboratorioViewController.swift in Sources */,
				BC4E36C425045F9E00A4D9F0 /* MedicationHistoryTableViewCell.swift in Sources */,
				6CB4A53925055785008C1FCF /* ExameLaboratorioTableViewCell.swift in Sources */,
				6C022CA025059BB700D1FF9D /* HorarioViewController.swift in Sources */,
				BC4E36982501D39800A4D9F0 /* RatingAppViewController.swift in Sources */,
				6CB4A53B25055BFE008C1FCF /* Laboratorio.swift in Sources */,
				BC4E36AA2503F0DA00A4D9F0 /* OnBoarding6ViewController.swift in Sources */,
				6CF62DB3250411500050A814 /* ConsultaCategoriaViewController.swift in Sources */,
				6CF62DCA250456D50050A814 /* ClinicaViewController.swift in Sources */,
				6CB4A53325055564008C1FCF /* ExameCategoriaViewController.swift in Sources */,
				BC4E36962501C01E00A4D9F0 /* RatingDoctorViewController.swift in Sources */,
				6CF62DC6250441660050A814 /* ProfissionalTableViewCell.swift in Sources */,
				BC4E366C250055AE00A4D9F0 /* JoinViewControllerConstraints.swift in Sources */,
				BC4E36B9250424E000A4D9F0 /* AppointmentHistoryViewController.swift in Sources */,
				BC4E369F2503D5AC00A4D9F0 /* OnBoarding1ViewController.swift in Sources */,
				BC4E36A82503E23F00A4D9F0 /* OnBoarding5ViewController.swift in Sources */,
				6CF62DBC25041C880050A814 /* ConsultaProfissionalViewController.swift in Sources */,
				6C022C9E25057FCC00D1FF9D /* LaboratorioViewController.swift in Sources */,
				BC4E36A42503D9C300A4D9F0 /* OnBoarding3ViewController.swift in Sources */,
				6CF62DB8250418AD0050A814 /* Categoria.swift in Sources */,
				BC4E36BC25043A3100A4D9F0 /* AppointmentHistoryTableViewCell.swift in Sources */,
				BC4E36C0250456C300A4D9F0 /* ExamsHistoryTableViewCell.swift in Sources */,
				BC4E36A42503D9C300A4D9F0 /* OnBoarding3ViewController.swift in Sources */,
				BC4E36C82504679D00A4D9F0 /* DiagnosticHistoryTableViewCell.swift in Sources */,
				BC4E36A62503E0EB00A4D9F0 /* OnBoarding4ViewController.swift in Sources */,
				6CF62DC425043DF00050A814 /* ClinicaModel.swift in Sources */,
				BC4E36622500533900A4D9F0 /* StringRandom.swift in Sources */,
				BC4E36BE2504535000A4D9F0 /* ExamsHistoryViewController.swift in Sources */,
				6CD209BC24FF1E730040613A /* AppDelegate.swift in Sources */,
				6C022CA52505B56A00D1FF9D /* MinhaSaudeViewController.swift in Sources */,
				BC4E36682500546C00A4D9F0 /* ClientViewControllerHandlers.swift in Sources */,
				6CF62DC8250443B20050A814 /* ProfissionalViewController.swift in Sources */,
				BC4E36C225045E0400A4D9F0 /* MedicationHistoryViewController.swift in Sources */,
				BC4E36B22503FCF400A4D9F0 /* OnBoarding10ViewController.swift in Sources */,
				BC4E3664250053D000A4D9F0 /* ClientViewController.swift in Sources */,
				BC4E36B02503FB1600A4D9F0 /* OnBoarding9ViewController.swift in Sources */,
				BC4E366E250055E300A4D9F0 /* JoinViewControllerHandlers.swift in Sources */,
				BC4E36C6250464FC00A4D9F0 /* DiagnosticHistoryViewController.swift in Sources */,
				6C022CA32505B4BC00D1FF9D /* PerfilViewController.swift in Sources */,
				BC4E36AE2503F5E100A4D9F0 /* OnBoarding8ViewController.swift in Sources */,
				BC4E366A2500558100A4D9F0 /* JoinViewControllerViews.swift in Sources */,
				6C022CA72505B58300D1FF9D /* MeusMedicamentosViewController.swift in Sources */,
				6CF62DCC250463190050A814 /* DatasViewController.swift in Sources */,
				6CF62DC2250432DD0050A814 /* Acessibilidade.swift in Sources */,
				BC4E369D2503BF4900A4D9F0 /* RatingDoctorSkillsViewController.swift in Sources */,
				6CB4A5352505557E008C1FCF /* ExameCategoriaTableViewCell.swift in Sources */,
				6CF62DB5250412A20050A814 /* CategoriaTableViewCell.swift in Sources */,
				BC4E369A2501D66200A4D9F0 /* EndAppointmentViewController.swift in Sources */,
				BC4E36662500541500A4D9F0 /* ClientViewControllerView.swift in Sources */,
				BC4E36A22503D6C000A4D9F0 /* OnBoarding2ViewController.swift in Sources */,
				6CF62DC0250430EF0050A814 /* Clinica.swift in Sources */,
				6CF62DBA250419060050A814 /* Model.swift in Sources */,
				BC5762AD25067DDD004864AE /* EntryHomeViewController.swift in Sources */,
				BC4E36B42503FF0B00A4D9F0 /* OnBoarding11ViewController.swift in Sources */,
				6CD209BE24FF1E730040613A /* SceneDelegate.swift in Sources */,
				BC4E36AC2503F1FA00A4D9F0 /* OnBoarding7ViewController.swift in Sources */,
			);
			runOnlyForDeploymentPostprocessing = 0;
		};
/* End PBXSourcesBuildPhase section */

/* Begin PBXVariantGroup section */
		6CD209C124FF1E730040613A /* Main.storyboard */ = {
			isa = PBXVariantGroup;
			children = (
				6CD209C224FF1E730040613A /* Base */,
			);
			name = Main.storyboard;
			sourceTree = "<group>";
		};
		6CD209C624FF1E740040613A /* LaunchScreen.storyboard */ = {
			isa = PBXVariantGroup;
			children = (
				6CD209C724FF1E740040613A /* Base */,
			);
			name = LaunchScreen.storyboard;
			sourceTree = "<group>";
		};
/* End PBXVariantGroup section */

/* Begin XCBuildConfiguration section */
		6CD209CA24FF1E740040613A /* Debug */ = {
			isa = XCBuildConfiguration;
			buildSettings = {
				ALWAYS_SEARCH_USER_PATHS = NO;
				CLANG_ANALYZER_NONNULL = YES;
				CLANG_ANALYZER_NUMBER_OBJECT_CONVERSION = YES_AGGRESSIVE;
				CLANG_CXX_LANGUAGE_STANDARD = "gnu++14";
				CLANG_CXX_LIBRARY = "libc++";
				CLANG_ENABLE_MODULES = YES;
				CLANG_ENABLE_OBJC_ARC = YES;
				CLANG_ENABLE_OBJC_WEAK = YES;
				CLANG_WARN_BLOCK_CAPTURE_AUTORELEASING = YES;
				CLANG_WARN_BOOL_CONVERSION = YES;
				CLANG_WARN_COMMA = YES;
				CLANG_WARN_CONSTANT_CONVERSION = YES;
				CLANG_WARN_DEPRECATED_OBJC_IMPLEMENTATIONS = YES;
				CLANG_WARN_DIRECT_OBJC_ISA_USAGE = YES_ERROR;
				CLANG_WARN_DOCUMENTATION_COMMENTS = YES;
				CLANG_WARN_EMPTY_BODY = YES;
				CLANG_WARN_ENUM_CONVERSION = YES;
				CLANG_WARN_INFINITE_RECURSION = YES;
				CLANG_WARN_INT_CONVERSION = YES;
				CLANG_WARN_NON_LITERAL_NULL_CONVERSION = YES;
				CLANG_WARN_OBJC_IMPLICIT_RETAIN_SELF = YES;
				CLANG_WARN_OBJC_LITERAL_CONVERSION = YES;
				CLANG_WARN_OBJC_ROOT_CLASS = YES_ERROR;
				CLANG_WARN_RANGE_LOOP_ANALYSIS = YES;
				CLANG_WARN_STRICT_PROTOTYPES = YES;
				CLANG_WARN_SUSPICIOUS_MOVE = YES;
				CLANG_WARN_UNGUARDED_AVAILABILITY = YES_AGGRESSIVE;
				CLANG_WARN_UNREACHABLE_CODE = YES;
				CLANG_WARN__DUPLICATE_METHOD_MATCH = YES;
				COPY_PHASE_STRIP = NO;
				DEBUG_INFORMATION_FORMAT = dwarf;
				ENABLE_STRICT_OBJC_MSGSEND = YES;
				ENABLE_TESTABILITY = YES;
				GCC_C_LANGUAGE_STANDARD = gnu11;
				GCC_DYNAMIC_NO_PIC = NO;
				GCC_NO_COMMON_BLOCKS = YES;
				GCC_OPTIMIZATION_LEVEL = 0;
				GCC_PREPROCESSOR_DEFINITIONS = (
					"DEBUG=1",
					"$(inherited)",
				);
				GCC_WARN_64_TO_32_BIT_CONVERSION = YES;
				GCC_WARN_ABOUT_RETURN_TYPE = YES_ERROR;
				GCC_WARN_UNDECLARED_SELECTOR = YES;
				GCC_WARN_UNINITIALIZED_AUTOS = YES_AGGRESSIVE;
				GCC_WARN_UNUSED_FUNCTION = YES;
				GCC_WARN_UNUSED_VARIABLE = YES;
				IPHONEOS_DEPLOYMENT_TARGET = 13.4;
				MTL_ENABLE_DEBUG_INFO = INCLUDE_SOURCE;
				MTL_FAST_MATH = YES;
				ONLY_ACTIVE_ARCH = YES;
				SDKROOT = iphoneos;
				SWIFT_ACTIVE_COMPILATION_CONDITIONS = DEBUG;
				SWIFT_OPTIMIZATION_LEVEL = "-Onone";
			};
			name = Debug;
		};
		6CD209CB24FF1E740040613A /* Release */ = {
			isa = XCBuildConfiguration;
			buildSettings = {
				ALWAYS_SEARCH_USER_PATHS = NO;
				CLANG_ANALYZER_NONNULL = YES;
				CLANG_ANALYZER_NUMBER_OBJECT_CONVERSION = YES_AGGRESSIVE;
				CLANG_CXX_LANGUAGE_STANDARD = "gnu++14";
				CLANG_CXX_LIBRARY = "libc++";
				CLANG_ENABLE_MODULES = YES;
				CLANG_ENABLE_OBJC_ARC = YES;
				CLANG_ENABLE_OBJC_WEAK = YES;
				CLANG_WARN_BLOCK_CAPTURE_AUTORELEASING = YES;
				CLANG_WARN_BOOL_CONVERSION = YES;
				CLANG_WARN_COMMA = YES;
				CLANG_WARN_CONSTANT_CONVERSION = YES;
				CLANG_WARN_DEPRECATED_OBJC_IMPLEMENTATIONS = YES;
				CLANG_WARN_DIRECT_OBJC_ISA_USAGE = YES_ERROR;
				CLANG_WARN_DOCUMENTATION_COMMENTS = YES;
				CLANG_WARN_EMPTY_BODY = YES;
				CLANG_WARN_ENUM_CONVERSION = YES;
				CLANG_WARN_INFINITE_RECURSION = YES;
				CLANG_WARN_INT_CONVERSION = YES;
				CLANG_WARN_NON_LITERAL_NULL_CONVERSION = YES;
				CLANG_WARN_OBJC_IMPLICIT_RETAIN_SELF = YES;
				CLANG_WARN_OBJC_LITERAL_CONVERSION = YES;
				CLANG_WARN_OBJC_ROOT_CLASS = YES_ERROR;
				CLANG_WARN_RANGE_LOOP_ANALYSIS = YES;
				CLANG_WARN_STRICT_PROTOTYPES = YES;
				CLANG_WARN_SUSPICIOUS_MOVE = YES;
				CLANG_WARN_UNGUARDED_AVAILABILITY = YES_AGGRESSIVE;
				CLANG_WARN_UNREACHABLE_CODE = YES;
				CLANG_WARN__DUPLICATE_METHOD_MATCH = YES;
				COPY_PHASE_STRIP = NO;
				DEBUG_INFORMATION_FORMAT = "dwarf-with-dsym";
				ENABLE_NS_ASSERTIONS = NO;
				ENABLE_STRICT_OBJC_MSGSEND = YES;
				GCC_C_LANGUAGE_STANDARD = gnu11;
				GCC_NO_COMMON_BLOCKS = YES;
				GCC_WARN_64_TO_32_BIT_CONVERSION = YES;
				GCC_WARN_ABOUT_RETURN_TYPE = YES_ERROR;
				GCC_WARN_UNDECLARED_SELECTOR = YES;
				GCC_WARN_UNINITIALIZED_AUTOS = YES_AGGRESSIVE;
				GCC_WARN_UNUSED_FUNCTION = YES;
				GCC_WARN_UNUSED_VARIABLE = YES;
				IPHONEOS_DEPLOYMENT_TARGET = 13.4;
				MTL_ENABLE_DEBUG_INFO = NO;
				MTL_FAST_MATH = YES;
				SDKROOT = iphoneos;
				SWIFT_COMPILATION_MODE = wholemodule;
				SWIFT_OPTIMIZATION_LEVEL = "-O";
				VALIDATE_PRODUCT = YES;
			};
			name = Release;
		};
		6CD209CD24FF1E740040613A /* Debug */ = {
			isa = XCBuildConfiguration;
			baseConfigurationReference = 661C05650D6BB2939B63E811 /* Pods-MegaHackWomen.debug.xcconfig */;
			buildSettings = {
				ASSETCATALOG_COMPILER_APPICON_NAME = AppIcon;
				CODE_SIGN_STYLE = Automatic;
				DEVELOPMENT_TEAM = A7Z8B7ZWX2;
				INFOPLIST_FILE = MegaHackWomen/Info.plist;
				LD_RUNPATH_SEARCH_PATHS = (
					"$(inherited)",
					"@executable_path/Frameworks",
				);
				PRODUCT_BUNDLE_IDENTIFIER = br.pyettra.MegaHackWomen;
				PRODUCT_NAME = "$(TARGET_NAME)";
				SWIFT_VERSION = 5.0;
				TARGETED_DEVICE_FAMILY = "1,2";
			};
			name = Debug;
		};
		6CD209CE24FF1E740040613A /* Release */ = {
			isa = XCBuildConfiguration;
			baseConfigurationReference = B4A7F9204EBA17C5D6921D7B /* Pods-MegaHackWomen.release.xcconfig */;
			buildSettings = {
				ASSETCATALOG_COMPILER_APPICON_NAME = AppIcon;
				CODE_SIGN_STYLE = Automatic;
				DEVELOPMENT_TEAM = A7Z8B7ZWX2;
				INFOPLIST_FILE = MegaHackWomen/Info.plist;
				LD_RUNPATH_SEARCH_PATHS = (
					"$(inherited)",
					"@executable_path/Frameworks",
				);
				PRODUCT_BUNDLE_IDENTIFIER = br.pyettra.MegaHackWomen;
				PRODUCT_NAME = "$(TARGET_NAME)";
				SWIFT_VERSION = 5.0;
				TARGETED_DEVICE_FAMILY = "1,2";
			};
			name = Release;
		};
/* End XCBuildConfiguration section */

/* Begin XCConfigurationList section */
		6CD209B324FF1E730040613A /* Build configuration list for PBXProject "MegaHackWomen" */ = {
			isa = XCConfigurationList;
			buildConfigurations = (
				6CD209CA24FF1E740040613A /* Debug */,
				6CD209CB24FF1E740040613A /* Release */,
			);
			defaultConfigurationIsVisible = 0;
			defaultConfigurationName = Release;
		};
		6CD209CC24FF1E740040613A /* Build configuration list for PBXNativeTarget "MegaHackWomen" */ = {
			isa = XCConfigurationList;
			buildConfigurations = (
				6CD209CD24FF1E740040613A /* Debug */,
				6CD209CE24FF1E740040613A /* Release */,
			);
			defaultConfigurationIsVisible = 0;
			defaultConfigurationName = Release;
		};
/* End XCConfigurationList section */
	};
	rootObject = 6CD209B024FF1E730040613A /* Project object */;
}
